// !$*UTF8*$!
{
	archiveVersion = 1;
	classes = {
	};
	objectVersion = 48;
	objects = {

/* Begin PBXBuildFile section */
		C878F7911FA1CC72009031F9 /* AppDelegate.swift in Sources */ = {isa = PBXBuildFile; fileRef = C878F7901FA1CC72009031F9 /* AppDelegate.swift */; };
		C878F7931FA1CC72009031F9 /* ViewController.swift in Sources */ = {isa = PBXBuildFile; fileRef = C878F7921FA1CC72009031F9 /* ViewController.swift */; };
		C878F7961FA1CC72009031F9 /* Main.storyboard in Resources */ = {isa = PBXBuildFile; fileRef = C878F7941FA1CC72009031F9 /* Main.storyboard */; };
		C878F7981FA1CC72009031F9 /* Assets.xcassets in Resources */ = {isa = PBXBuildFile; fileRef = C878F7971FA1CC72009031F9 /* Assets.xcassets */; };
		C878F79B1FA1CC72009031F9 /* LaunchScreen.storyboard in Resources */ = {isa = PBXBuildFile; fileRef = C878F7991FA1CC72009031F9 /* LaunchScreen.storyboard */; };
/* End PBXBuildFile section */

/* Begin PBXFileReference section */
		C878F78D1FA1CC72009031F9 /* StibLifts.app */ = {isa = PBXFileReference; explicitFileType = wrapper.application; includeInIndex = 0; path = StibLifts.app; sourceTree = BUILT_PRODUCTS_DIR; };
		C878F7901FA1CC72009031F9 /* AppDelegate.swift */ = {isa = PBXFileReference; lastKnownFileType = sourcecode.swift; path = AppDelegate.swift; sourceTree = "<group>"; };
		C878F7921FA1CC72009031F9 /* ViewController.swift */ = {isa = PBXFileReference; lastKnownFileType = sourcecode.swift; path = ViewController.swift; sourceTree = "<group>"; };
		C878F7951FA1CC72009031F9 /* Base */ = {isa = PBXFileReference; lastKnownFileType = file.storyboard; name = Base; path = Base.lproj/Main.storyboard; sourceTree = "<group>"; };
		C878F7971FA1CC72009031F9 /* Assets.xcassets */ = {isa = PBXFileReference; lastKnownFileType = folder.assetcatalog; path = Assets.xcassets; sourceTree = "<group>"; };
		C878F79A1FA1CC72009031F9 /* Base */ = {isa = PBXFileReference; lastKnownFileType = file.storyboard; name = Base; path = Base.lproj/LaunchScreen.storyboard; sourceTree = "<group>"; };
		C878F79C1FA1CC72009031F9 /* Info.plist */ = {isa = PBXFileReference; lastKnownFileType = text.plist.xml; path = Info.plist; sourceTree = "<group>"; };
/* End PBXFileReference section */

/* Begin PBXFrameworksBuildPhase section */
		C878F78A1FA1CC72009031F9 /* Frameworks */ = {
			isa = PBXFrameworksBuildPhase;
			buildActionMask = 2147483647;
			files = (
			);
			runOnlyForDeploymentPostprocessing = 0;
		};
/* End PBXFrameworksBuildPhase section */

/* Begin PBXGroup section */
		C878F7841FA1CC72009031F9 = {
			isa = PBXGroup;
			children = (
				C878F78F1FA1CC72009031F9 /* StibLifts */,
				C878F78E1FA1CC72009031F9 /* Products */,
			);
			sourceTree = "<group>";
		};
		C878F78E1FA1CC72009031F9 /* Products */ = {
			isa = PBXGroup;
			children = (
				C878F78D1FA1CC72009031F9 /* StibLifts.app */,
			);
			name = Products;
			sourceTree = "<group>";
		};
		C878F78F1FA1CC72009031F9 /* StibLifts */ = {
			isa = PBXGroup;
			children = (
				C878F7901FA1CC72009031F9 /* AppDelegate.swift */,
				C878F7921FA1CC72009031F9 /* ViewController.swift */,
				C878F7941FA1CC72009031F9 /* Main.storyboard */,
				C878F7971FA1CC72009031F9 /* Assets.xcassets */,
				C878F7991FA1CC72009031F9 /* LaunchScreen.storyboard */,
				C878F79C1FA1CC72009031F9 /* Info.plist */,
			);
			path = StibLifts;
			sourceTree = "<group>";
		};
/* End PBXGroup section */

/* Begin PBXNativeTarget section */
		C878F78C1FA1CC72009031F9 /* StibLifts */ = {
			isa = PBXNativeTarget;
			buildConfigurationList = C878F79F1FA1CC72009031F9 /* Build configuration list for PBXNativeTarget "StibLifts" */;
			buildPhases = (
				C878F7891FA1CC72009031F9 /* Sources */,
				C878F78A1FA1CC72009031F9 /* Frameworks */,
				C878F78B1FA1CC72009031F9 /* Resources */,
			);
			buildRules = (
			);
			dependencies = (
			);
			name = StibLifts;
			productName = StibLifts;
			productReference = C878F78D1FA1CC72009031F9 /* StibLifts.app */;
			productType = "com.apple.product-type.application";
		};
/* End PBXNativeTarget section */

/* Begin PBXProject section */
		C878F7851FA1CC72009031F9 /* Project object */ = {
			isa = PBXProject;
			attributes = {
				LastSwiftUpdateCheck = 0900;
				LastUpgradeCheck = 0900;
				ORGANIZATIONNAME = "michael moldawski";
				TargetAttributes = {
					C878F78C1FA1CC72009031F9 = {
						CreatedOnToolsVersion = 9.0.1;
						ProvisioningStyle = Automatic;
					};
				};
			};
			buildConfigurationList = C878F7881FA1CC72009031F9 /* Build configuration list for PBXProject "StibLifts" */;
			compatibilityVersion = "Xcode 8.0";
			developmentRegion = en;
			hasScannedForEncodings = 0;
			knownRegions = (
				en,
				Base,
			);
			mainGroup = C878F7841FA1CC72009031F9;
			productRefGroup = C878F78E1FA1CC72009031F9 /* Products */;
			projectDirPath = "";
			projectRoot = "";
			targets = (
				C878F78C1FA1CC72009031F9 /* StibLifts */,
			);
		};
/* End PBXProject section */

/* Begin PBXResourcesBuildPhase section */
		C878F78B1FA1CC72009031F9 /* Resources */ = {
			isa = PBXResourcesBuildPhase;
			buildActionMask = 2147483647;
			files = (
				C878F79B1FA1CC72009031F9 /* LaunchScreen.storyboard in Resources */,
				C878F7981FA1CC72009031F9 /* Assets.xcassets in Resources */,
				C878F7961FA1CC72009031F9 /* Main.storyboard in Resources */,
			);
			runOnlyForDeploymentPostprocessing = 0;
		};
/* End PBXResourcesBuildPhase section */

/* Begin PBXSourcesBuildPhase section */
		C878F7891FA1CC72009031F9 /* Sources */ = {
			isa = PBXSourcesBuildPhase;
			buildActionMask = 2147483647;
			files = (
				C878F7931FA1CC72009031F9 /* ViewController.swift in Sources */,
				C878F7911FA1CC72009031F9 /* AppDelegate.swift in Sources */,
			);
			runOnlyForDeploymentPostprocessing = 0;
		};
/* End PBXSourcesBuildPhase section */

/* Begin PBXVariantGroup section */
		C878F7941FA1CC72009031F9 /* Main.storyboard */ = {
			isa = PBXVariantGroup;
			children = (
				C878F7951FA1CC72009031F9 /* Base */,
			);
			name = Main.storyboard;
			sourceTree = "<group>";
		};
		C878F7991FA1CC72009031F9 /* LaunchScreen.storyboard */ = {
			isa = PBXVariantGroup;
			children = (
				C878F79A1FA1CC72009031F9 /* Base */,
			);
			name = LaunchScreen.storyboard;
			sourceTree = "<group>";
		};
/* End PBXVariantGroup section */

/* Begin XCBuildConfiguration section */
		C878F79D1FA1CC72009031F9 /* Debug */ = {
			isa = XCBuildConfiguration;
			buildSettings = {
				ALWAYS_SEARCH_USER_PATHS = NO;
				CLANG_ANALYZER_NONNULL = YES;
				CLANG_ANALYZER_NUMBER_OBJECT_CONVERSION = YES_AGGRESSIVE;
				CLANG_CXX_LANGUAGE_STANDARD = "gnu++14";
				CLANG_CXX_LIBRARY = "libc++";
				CLANG_ENABLE_MODULES = YES;
				CLANG_ENABLE_OBJC_ARC = YES;
				CLANG_WARN_BLOCK_CAPTURE_AUTORELEASING = YES;
				CLANG_WARN_BOOL_CONVERSION = YES;
				CLANG_WARN_COMMA = YES;
				CLANG_WARN_CONSTANT_CONVERSION = YES;
				CLANG_WARN_DIRECT_OBJC_ISA_USAGE = YES_ERROR;
				CLANG_WARN_DOCUMENTATION_COMMENTS = YES;
				CLANG_WARN_EMPTY_BODY = YES;
				CLANG_WARN_ENUM_CONVERSION = YES;
				CLANG_WARN_INFINITE_RECURSION = YES;
				CLANG_WARN_INT_CONVERSION = YES;
				CLANG_WARN_NON_LITERAL_NULL_CONVERSION = YES;
				CLANG_WARN_OBJC_LITERAL_CONVERSION = YES;
				CLANG_WARN_OBJC_ROOT_CLASS = YES_ERROR;
				CLANG_WARN_RANGE_LOOP_ANALYSIS = YES;
				CLANG_WARN_STRICT_PROTOTYPES = YES;
				CLANG_WARN_SUSPICIOUS_MOVE = YES;
				CLANG_WARN_UNGUARDED_AVAILABILITY = YES_AGGRESSIVE;
				CLANG_WARN_UNREACHABLE_CODE = YES;
				CLANG_WARN__DUPLICATE_METHOD_MATCH = YES;
				CODE_SIGN_IDENTITY = "iPhone Developer";
				COPY_PHASE_STRIP = NO;
				DEBUG_INFORMATION_FORMAT = dwarf;
				ENABLE_STRICT_OBJC_MSGSEND = YES;
				ENABLE_TESTABILITY = YES;
				GCC_C_LANGUAGE_STANDARD = gnu11;
				GCC_DYNAMIC_NO_PIC = NO;
				GCC_NO_COMMON_BLOCKS = YES;
				GCC_OPTIMIZATION_LEVEL = 0;
				GCC_PREPROCESSOR_DEFINITIONS = (
					"DEBUG=1",
					"$(inherited)",
				);
				GCC_WARN_64_TO_32_BIT_CONVERSION = YES;
				GCC_WARN_ABOUT_RETURN_TYPE = YES_ERROR;
				GCC_WARN_UNDECLARED_SELECTOR = YES;
				GCC_WARN_UNINITIALIZED_AUTOS = YES_AGGRESSIVE;
				GCC_WARN_UNUSED_FUNCTION = YES;
				GCC_WARN_UNUSED_VARIABLE = YES;
				IPHONEOS_DEPLOYMENT_TARGET = 11.0;
				MTL_ENABLE_DEBUG_INFO = YES;
				ONLY_ACTIVE_ARCH = YES;
				SDKROOT = iphoneos;
				SWIFT_ACTIVE_COMPILATION_CONDITIONS = DEBUG;
				SWIFT_OPTIMIZATION_LEVEL = "-Onone";
			};
			name = Debug;
		};
		C878F79E1FA1CC72009031F9 /* Release */ = {
			isa = XCBuildConfiguration;
			buildSettings = {
				ALWAYS_SEARCH_USER_PATHS = NO;
				CLANG_ANALYZER_NONNULL = YES;
				CLANG_ANALYZER_NUMBER_OBJECT_CONVERSION = YES_AGGRESSIVE;
				CLANG_CXX_LANGUAGE_STANDARD = "gnu++14";
				CLANG_CXX_LIBRARY = "libc++";
				CLANG_ENABLE_MODULES = YES;
				CLANG_ENABLE_OBJC_ARC = YES;
				CLANG_WARN_BLOCK_CAPTURE_AUTORELEASING = YES;
				CLANG_WARN_BOOL_CONVERSION = YES;
				CLANG_WARN_COMMA = YES;
				CLANG_WARN_CONSTANT_CONVERSION = YES;
				CLANG_WARN_DIRECT_OBJC_ISA_USAGE = YES_ERROR;
				CLANG_WARN_DOCUMENTATION_COMMENTS = YES;
				CLANG_WARN_EMPTY_BODY = YES;
				CLANG_WARN_ENUM_CONVERSION = YES;
				CLANG_WARN_INFINITE_RECURSION = YES;
				CLANG_WARN_INT_CONVERSION = YES;
				CLANG_WARN_NON_LITERAL_NULL_CONVERSION = YES;
				CLANG_WARN_OBJC_LITERAL_CONVERSION = YES;
				CLANG_WARN_OBJC_ROOT_CLASS = YES_ERROR;
				CLANG_WARN_RANGE_LOOP_ANALYSIS = YES;
				CLANG_WARN_STRICT_PROTOTYPES = YES;
				CLANG_WARN_SUSPICIOUS_MOVE = YES;
				CLANG_WARN_UNGUARDED_AVAILABILITY = YES_AGGRESSIVE;
				CLANG_WARN_UNREACHABLE_CODE = YES;
				CLANG_WARN__DUPLICATE_METHOD_MATCH = YES;
				CODE_SIGN_IDENTITY = "iPhone Developer";
				COPY_PHASE_STRIP = NO;
				DEBUG_INFORMATION_FORMAT = "dwarf-with-dsym";
				ENABLE_NS_ASSERTIONS = NO;
				ENABLE_STRICT_OBJC_MSGSEND = YES;
				GCC_C_LANGUAGE_STANDARD = gnu11;
				GCC_NO_COMMON_BLOCKS = YES;
				GCC_WARN_64_TO_32_BIT_CONVERSION = YES;
				GCC_WARN_ABOUT_RETURN_TYPE = YES_ERROR;
				GCC_WARN_UNDECLARED_SELECTOR = YES;
				GCC_WARN_UNINITIALIZED_AUTOS = YES_AGGRESSIVE;
				GCC_WARN_UNUSED_FUNCTION = YES;
				GCC_WARN_UNUSED_VARIABLE = YES;
				IPHONEOS_DEPLOYMENT_TARGET = 11.0;
				MTL_ENABLE_DEBUG_INFO = NO;
				SDKROOT = iphoneos;
				SWIFT_OPTIMIZATION_LEVEL = "-Owholemodule";
				VALIDATE_PRODUCT = YES;
			};
			name = Release;
		};
		C878F7A01FA1CC72009031F9 /* Debug */ = {
			isa = XCBuildConfiguration;
			buildSettings = {
				ASSETCATALOG_COMPILER_APPICON_NAME = AppIcon;
				CODE_SIGN_STYLE = Automatic;
				DEVELOPMENT_TEAM = M4MM84N22Q;
				INFOPLIST_FILE = StibLifts/Info.plist;
				LD_RUNPATH_SEARCH_PATHS = "$(inherited) @executable_path/Frameworks";
				PRODUCT_BUNDLE_IDENTIFIER = com.bt.StibLifts;
				PRODUCT_NAME = "$(TARGET_NAME)";
				SWIFT_VERSION = 4.0;
				TARGETED_DEVICE_FAMILY = "1,2";
			};
			name = Debug;
		};
		C878F7A11FA1CC72009031F9 /* Release */ = {
			isa = XCBuildConfiguration;
			buildSettings = {
				ASSETCATALOG_COMPILER_APPICON_NAME = AppIcon;
				CODE_SIGN_STYLE = Automatic;
				DEVELOPMENT_TEAM = M4MM84N22Q;
				INFOPLIST_FILE = StibLifts/Info.plist;
				LD_RUNPATH_SEARCH_PATHS = "$(inherited) @executable_path/Frameworks";
				PRODUCT_BUNDLE_IDENTIFIER = com.bt.StibLifts;
				PRODUCT_NAME = "$(TARGET_NAME)";
				SWIFT_VERSION = 4.0;
				TARGETED_DEVICE_FAMILY = "1,2";
			};
			name = Release;
		};
/* End XCBuildConfiguration section */

/* Begin XCConfigurationList section */
		C878F7881FA1CC72009031F9 /* Build configuration list for PBXProject "StibLifts" */ = {
			isa = XCConfigurationList;
			buildConfigurations = (
				C878F79D1FA1CC72009031F9 /* Debug */,
				C878F79E1FA1CC72009031F9 /* Release */,
			);
			defaultConfigurationIsVisible = 0;
			defaultConfigurationName = Release;
		};
		C878F79F1FA1CC72009031F9 /* Build configuration list for PBXNativeTarget "StibLifts" */ = {
			isa = XCConfigurationList;
			buildConfigurations = (
				C878F7A01FA1CC72009031F9 /* Debug */,
				C878F7A11FA1CC72009031F9 /* Release */,
			);
			defaultConfigurationIsVisible = 0;
			defaultConfigurationName = Release;
		};
/* End XCConfigurationList section */
	};
	rootObject = C878F7851FA1CC72009031F9 /* Project object */;
}
