// !$*UTF8*$!
{
	archiveVersion = 1;
	classes = {
	};
	objectVersion = 48;
	objects = {

/* Begin PBXBuildFile section */
		240A03304A95820F765F2BE8 /* Pods_StibLifts.framework in Frameworks */ = {isa = PBXBuildFile; fileRef = F2DE18D5B9097BEB852A193A /* Pods_StibLifts.framework */; };
		C80193EF1FA8E301005B580C /* Station.swift in Sources */ = {isa = PBXBuildFile; fileRef = C80193EE1FA8E301005B580C /* Station.swift */; };
		C85CA6A01FA1F50D00B9A03D /* LogInViewControllerExtension.swift in Sources */ = {isa = PBXBuildFile; fileRef = C85CA69F1FA1F50C00B9A03D /* LogInViewControllerExtension.swift */; };
		C85CA6A41FA207F500B9A03D /* Location.swift in Sources */ = {isa = PBXBuildFile; fileRef = C85CA6A31FA207F500B9A03D /* Location.swift */; };
		C871D68D1FAB314F0026865D /* GoogleService-Info.plist in Resources */ = {isa = PBXBuildFile; fileRef = C871D68C1FAB314F0026865D /* GoogleService-Info.plist */; };
		C878F7911FA1CC72009031F9 /* AppDelegate.swift in Sources */ = {isa = PBXBuildFile; fileRef = C878F7901FA1CC72009031F9 /* AppDelegate.swift */; };
		C878F7931FA1CC72009031F9 /* LogInViewController.swift in Sources */ = {isa = PBXBuildFile; fileRef = C878F7921FA1CC72009031F9 /* LogInViewController.swift */; };
		C878F7961FA1CC72009031F9 /* Main.storyboard in Resources */ = {isa = PBXBuildFile; fileRef = C878F7941FA1CC72009031F9 /* Main.storyboard */; };
		C878F7981FA1CC72009031F9 /* Assets.xcassets in Resources */ = {isa = PBXBuildFile; fileRef = C878F7971FA1CC72009031F9 /* Assets.xcassets */; };
		C878F79B1FA1CC72009031F9 /* LaunchScreen.storyboard in Resources */ = {isa = PBXBuildFile; fileRef = C878F7991FA1CC72009031F9 /* LaunchScreen.storyboard */; };
		C87A61D41FA1E60100B92863 /* FireBaseManager.swift in Sources */ = {isa = PBXBuildFile; fileRef = C87A61D31FA1E60100B92863 /* FireBaseManager.swift */; };
		C87A61D61FA1E6CE00B92863 /* AppUser.swift in Sources */ = {isa = PBXBuildFile; fileRef = C87A61D51FA1E6CE00B92863 /* AppUser.swift */; };
		C8D7D8F01FA8A1CC009475C7 /* MapViewController.swift in Sources */ = {isa = PBXBuildFile; fileRef = C8D7D8EF1FA8A1CC009475C7 /* MapViewController.swift */; };
		C8D7D8F31FA8A319009475C7 /* MapViewControllerExtension.swift in Sources */ = {isa = PBXBuildFile; fileRef = C8D7D8F21FA8A319009475C7 /* MapViewControllerExtension.swift */; };
		C8E2F0D71FAA187500956C53 /* ListStationsViewController.swift in Sources */ = {isa = PBXBuildFile; fileRef = C8E2F0D61FAA187500956C53 /* ListStationsViewController.swift */; };
		C8E2F0D91FAA188800956C53 /* ListStationsViewControllerExtension.swift in Sources */ = {isa = PBXBuildFile; fileRef = C8E2F0D81FAA188800956C53 /* ListStationsViewControllerExtension.swift */; };
		C8E2F0DB1FAA19C000956C53 /* StationTableViewCell.swift in Sources */ = {isa = PBXBuildFile; fileRef = C8E2F0DA1FAA19C000956C53 /* StationTableViewCell.swift */; };
/* End PBXBuildFile section */

/* Begin PBXFileReference section */
		8CA84B7FDE82C48AEC3C3D7D /* Pods-StibLifts.release.xcconfig */ = {isa = PBXFileReference; includeInIndex = 1; lastKnownFileType = text.xcconfig; name = "Pods-StibLifts.release.xcconfig"; path = "Pods/Target Support Files/Pods-StibLifts/Pods-StibLifts.release.xcconfig"; sourceTree = "<group>"; };
		B0BB8119A907B9C73923C655 /* Pods-StibLifts.debug.xcconfig */ = {isa = PBXFileReference; includeInIndex = 1; lastKnownFileType = text.xcconfig; name = "Pods-StibLifts.debug.xcconfig"; path = "Pods/Target Support Files/Pods-StibLifts/Pods-StibLifts.debug.xcconfig"; sourceTree = "<group>"; };
		C80193EE1FA8E301005B580C /* Station.swift */ = {isa = PBXFileReference; lastKnownFileType = sourcecode.swift; path = Station.swift; sourceTree = "<group>"; };
		C85CA69F1FA1F50C00B9A03D /* LogInViewControllerExtension.swift */ = {isa = PBXFileReference; lastKnownFileType = sourcecode.swift; path = LogInViewControllerExtension.swift; sourceTree = "<group>"; };
		C85CA6A31FA207F500B9A03D /* Location.swift */ = {isa = PBXFileReference; lastKnownFileType = sourcecode.swift; path = Location.swift; sourceTree = "<group>"; };
		C871D68C1FAB314F0026865D /* GoogleService-Info.plist */ = {isa = PBXFileReference; fileEncoding = 4; lastKnownFileType = text.plist.xml; path = "GoogleService-Info.plist"; sourceTree = SOURCE_ROOT; };
		C878F78D1FA1CC72009031F9 /* StibLifts.app */ = {isa = PBXFileReference; explicitFileType = wrapper.application; includeInIndex = 0; path = StibLifts.app; sourceTree = BUILT_PRODUCTS_DIR; };
		C878F7901FA1CC72009031F9 /* AppDelegate.swift */ = {isa = PBXFileReference; lastKnownFileType = sourcecode.swift; path = AppDelegate.swift; sourceTree = "<group>"; };
		C878F7921FA1CC72009031F9 /* LogInViewController.swift */ = {isa = PBXFileReference; lastKnownFileType = sourcecode.swift; path = LogInViewController.swift; sourceTree = "<group>"; };
		C878F7951FA1CC72009031F9 /* Base */ = {isa = PBXFileReference; lastKnownFileType = file.storyboard; name = Base; path = Base.lproj/Main.storyboard; sourceTree = "<group>"; };
		C878F7971FA1CC72009031F9 /* Assets.xcassets */ = {isa = PBXFileReference; lastKnownFileType = folder.assetcatalog; path = Assets.xcassets; sourceTree = "<group>"; };
		C878F79A1FA1CC72009031F9 /* Base */ = {isa = PBXFileReference; lastKnownFileType = file.storyboard; name = Base; path = Base.lproj/LaunchScreen.storyboard; sourceTree = "<group>"; };
		C878F79C1FA1CC72009031F9 /* Info.plist */ = {isa = PBXFileReference; lastKnownFileType = text.plist.xml; path = Info.plist; sourceTree = "<group>"; };
		C87A61D31FA1E60100B92863 /* FireBaseManager.swift */ = {isa = PBXFileReference; lastKnownFileType = sourcecode.swift; path = FireBaseManager.swift; sourceTree = "<group>"; };
		C87A61D51FA1E6CE00B92863 /* AppUser.swift */ = {isa = PBXFileReference; lastKnownFileType = sourcecode.swift; path = AppUser.swift; sourceTree = "<group>"; };
		C8D7D8EF1FA8A1CC009475C7 /* MapViewController.swift */ = {isa = PBXFileReference; lastKnownFileType = sourcecode.swift; path = MapViewController.swift; sourceTree = "<group>"; };
		C8D7D8F21FA8A319009475C7 /* MapViewControllerExtension.swift */ = {isa = PBXFileReference; lastKnownFileType = sourcecode.swift; path = MapViewControllerExtension.swift; sourceTree = "<group>"; };
		C8E2F0D61FAA187500956C53 /* ListStationsViewController.swift */ = {isa = PBXFileReference; lastKnownFileType = sourcecode.swift; path = ListStationsViewController.swift; sourceTree = "<group>"; };
		C8E2F0D81FAA188800956C53 /* ListStationsViewControllerExtension.swift */ = {isa = PBXFileReference; lastKnownFileType = sourcecode.swift; path = ListStationsViewControllerExtension.swift; sourceTree = "<group>"; };
		C8E2F0DA1FAA19C000956C53 /* StationTableViewCell.swift */ = {isa = PBXFileReference; lastKnownFileType = sourcecode.swift; path = StationTableViewCell.swift; sourceTree = "<group>"; };
		F2DE18D5B9097BEB852A193A /* Pods_StibLifts.framework */ = {isa = PBXFileReference; explicitFileType = wrapper.framework; includeInIndex = 0; path = Pods_StibLifts.framework; sourceTree = BUILT_PRODUCTS_DIR; };
/* End PBXFileReference section */

/* Begin PBXFrameworksBuildPhase section */
		C878F78A1FA1CC72009031F9 /* Frameworks */ = {
			isa = PBXFrameworksBuildPhase;
			buildActionMask = 2147483647;
			files = (
				240A03304A95820F765F2BE8 /* Pods_StibLifts.framework in Frameworks */,
			);
			runOnlyForDeploymentPostprocessing = 0;
		};
/* End PBXFrameworksBuildPhase section */

/* Begin PBXGroup section */
		85D7E4A12A7AF5124ADE640F /* Pods */ = {
			isa = PBXGroup;
			children = (
				B0BB8119A907B9C73923C655 /* Pods-StibLifts.debug.xcconfig */,
				8CA84B7FDE82C48AEC3C3D7D /* Pods-StibLifts.release.xcconfig */,
			);
			name = Pods;
			sourceTree = "<group>";
		};
		C85CA6A11FA1F51300B9A03D /* LogIn */ = {
			isa = PBXGroup;
			children = (
				C878F7921FA1CC72009031F9 /* LogInViewController.swift */,
				C85CA69F1FA1F50C00B9A03D /* LogInViewControllerExtension.swift */,
			);
			path = LogIn;
			sourceTree = "<group>";
		};
		C85CA6A21FA207AF00B9A03D /* Model */ = {
			isa = PBXGroup;
			children = (
				C87A61D51FA1E6CE00B92863 /* AppUser.swift */,
				C85CA6A31FA207F500B9A03D /* Location.swift */,
				C80193EE1FA8E301005B580C /* Station.swift */,
			);
			path = Model;
			sourceTree = "<group>";
		};
		C878F7841FA1CC72009031F9 = {
			isa = PBXGroup;
			children = (
				C878F78F1FA1CC72009031F9 /* StibLifts */,
				C878F78E1FA1CC72009031F9 /* Products */,
				85D7E4A12A7AF5124ADE640F /* Pods */,
				F65AEA0F41E42BC170659456 /* Frameworks */,
			);
			sourceTree = "<group>";
		};
		C878F78E1FA1CC72009031F9 /* Products */ = {
			isa = PBXGroup;
			children = (
				C878F78D1FA1CC72009031F9 /* StibLifts.app */,
			);
			name = Products;
			sourceTree = "<group>";
		};
		C878F78F1FA1CC72009031F9 /* StibLifts */ = {
			isa = PBXGroup;
			children = (
				C878F7901FA1CC72009031F9 /* AppDelegate.swift */,
				C87A61D31FA1E60100B92863 /* FireBaseManager.swift */,
				C85CA6A21FA207AF00B9A03D /* Model */,
				C85CA6A11FA1F51300B9A03D /* LogIn */,
				C8D7D8F11FA8A1D6009475C7 /* Map */,
				C8E2F0D51FAA184400956C53 /* ListStations */,
				C878F7941FA1CC72009031F9 /* Main.storyboard */,
				C878F7971FA1CC72009031F9 /* Assets.xcassets */,
				C878F7991FA1CC72009031F9 /* LaunchScreen.storyboard */,
				C878F79C1FA1CC72009031F9 /* Info.plist */,
				C871D68C1FAB314F0026865D /* GoogleService-Info.plist */,
			);
			path = StibLifts;
			sourceTree = "<group>";
		};
		C8D7D8F11FA8A1D6009475C7 /* Map */ = {
			isa = PBXGroup;
			children = (
				C8D7D8EF1FA8A1CC009475C7 /* MapViewController.swift */,
				C8D7D8F21FA8A319009475C7 /* MapViewControllerExtension.swift */,
			);
			path = Map;
			sourceTree = "<group>";
		};
		C8E2F0D51FAA184400956C53 /* ListStations */ = {
			isa = PBXGroup;
			children = (
				C8E2F0D61FAA187500956C53 /* ListStationsViewController.swift */,
				C8E2F0D81FAA188800956C53 /* ListStationsViewControllerExtension.swift */,
				C8E2F0DA1FAA19C000956C53 /* StationTableViewCell.swift */,
			);
			path = ListStations;
			sourceTree = "<group>";
		};
		F65AEA0F41E42BC170659456 /* Frameworks */ = {
			isa = PBXGroup;
			children = (
				F2DE18D5B9097BEB852A193A /* Pods_StibLifts.framework */,
			);
			name = Frameworks;
			sourceTree = "<group>";
		};
/* End PBXGroup section */

/* Begin PBXNativeTarget section */
		C878F78C1FA1CC72009031F9 /* StibLifts */ = {
			isa = PBXNativeTarget;
			buildConfigurationList = C878F79F1FA1CC72009031F9 /* Build configuration list for PBXNativeTarget "StibLifts" */;
			buildPhases = (
				0B1D12240B0A494D7F82859E /* [CP] Check Pods Manifest.lock */,
				C878F7891FA1CC72009031F9 /* Sources */,
				C878F78A1FA1CC72009031F9 /* Frameworks */,
				C878F78B1FA1CC72009031F9 /* Resources */,
				3538A391026FF55753894A18 /* [CP] Embed Pods Frameworks */,
				A05C7AB7DD1E075A00DF3763 /* [CP] Copy Pods Resources */,
			);
			buildRules = (
			);
			dependencies = (
			);
			name = StibLifts;
			productName = StibLifts;
			productReference = C878F78D1FA1CC72009031F9 /* StibLifts.app */;
			productType = "com.apple.product-type.application";
		};
/* End PBXNativeTarget section */

/* Begin PBXProject section */
		C878F7851FA1CC72009031F9 /* Project object */ = {
			isa = PBXProject;
			attributes = {
				LastSwiftUpdateCheck = 0900;
				LastUpgradeCheck = 0900;
				ORGANIZATIONNAME = "michael moldawski";
				TargetAttributes = {
					C878F78C1FA1CC72009031F9 = {
						CreatedOnToolsVersion = 9.0.1;
						ProvisioningStyle = Automatic;
					};
				};
			};
			buildConfigurationList = C878F7881FA1CC72009031F9 /* Build configuration list for PBXProject "StibLifts" */;
			compatibilityVersion = "Xcode 8.0";
			developmentRegion = en;
			hasScannedForEncodings = 0;
			knownRegions = (
				en,
				Base,
			);
			mainGroup = C878F7841FA1CC72009031F9;
			productRefGroup = C878F78E1FA1CC72009031F9 /* Products */;
			projectDirPath = "";
			projectRoot = "";
			targets = (
				C878F78C1FA1CC72009031F9 /* StibLifts */,
			);
		};
/* End PBXProject section */

/* Begin PBXResourcesBuildPhase section */
		C878F78B1FA1CC72009031F9 /* Resources */ = {
			isa = PBXResourcesBuildPhase;
			buildActionMask = 2147483647;
			files = (
				C878F79B1FA1CC72009031F9 /* LaunchScreen.storyboard in Resources */,
				C871D68D1FAB314F0026865D /* GoogleService-Info.plist in Resources */,
				C878F7981FA1CC72009031F9 /* Assets.xcassets in Resources */,
				C878F7961FA1CC72009031F9 /* Main.storyboard in Resources */,
			);
			runOnlyForDeploymentPostprocessing = 0;
		};
/* End PBXResourcesBuildPhase section */

/* Begin PBXShellScriptBuildPhase section */
		0B1D12240B0A494D7F82859E /* [CP] Check Pods Manifest.lock */ = {
			isa = PBXShellScriptBuildPhase;
			buildActionMask = 2147483647;
			files = (
			);
			inputPaths = (
				"${PODS_PODFILE_DIR_PATH}/Podfile.lock",
				"${PODS_ROOT}/Manifest.lock",
			);
			name = "[CP] Check Pods Manifest.lock";
			outputPaths = (
				"$(DERIVED_FILE_DIR)/Pods-StibLifts-checkManifestLockResult.txt",
			);
			runOnlyForDeploymentPostprocessing = 0;
			shellPath = /bin/sh;
			shellScript = "diff \"${PODS_PODFILE_DIR_PATH}/Podfile.lock\" \"${PODS_ROOT}/Manifest.lock\" > /dev/null\nif [ $? != 0 ] ; then\n    # print error to STDERR\n    echo \"error: The sandbox is not in sync with the Podfile.lock. Run 'pod install' or update your CocoaPods installation.\" >&2\n    exit 1\nfi\n# This output is used by Xcode 'outputs' to avoid re-running this script phase.\necho \"SUCCESS\" > \"${SCRIPT_OUTPUT_FILE_0}\"\n";
			showEnvVarsInLog = 0;
		};
		3538A391026FF55753894A18 /* [CP] Embed Pods Frameworks */ = {
			isa = PBXShellScriptBuildPhase;
			buildActionMask = 2147483647;
			files = (
			);
			inputPaths = (
				"${SRCROOT}/Pods/Target Support Files/Pods-StibLifts/Pods-StibLifts-frameworks.sh",
				"${BUILT_PRODUCTS_DIR}/GTMSessionFetcher/GTMSessionFetcher.framework",
				"${BUILT_PRODUCTS_DIR}/GoogleToolboxForMac/GoogleToolboxForMac.framework",
				"${BUILT_PRODUCTS_DIR}/SwiftyJSON/SwiftyJSON.framework",
				"${BUILT_PRODUCTS_DIR}/leveldb-library/leveldb.framework",
				"${BUILT_PRODUCTS_DIR}/nanopb/nanopb.framework",
			);
			name = "[CP] Embed Pods Frameworks";
			outputPaths = (
				"${TARGET_BUILD_DIR}/${FRAMEWORKS_FOLDER_PATH}/GTMSessionFetcher.framework",
				"${TARGET_BUILD_DIR}/${FRAMEWORKS_FOLDER_PATH}/GoogleToolboxForMac.framework",
				"${TARGET_BUILD_DIR}/${FRAMEWORKS_FOLDER_PATH}/SwiftyJSON.framework",
				"${TARGET_BUILD_DIR}/${FRAMEWORKS_FOLDER_PATH}/leveldb.framework",
				"${TARGET_BUILD_DIR}/${FRAMEWORKS_FOLDER_PATH}/nanopb.framework",
			);
			runOnlyForDeploymentPostprocessing = 0;
			shellPath = /bin/sh;
			shellScript = "\"${SRCROOT}/Pods/Target Support Files/Pods-StibLifts/Pods-StibLifts-frameworks.sh\"\n";
			showEnvVarsInLog = 0;
		};
		A05C7AB7DD1E075A00DF3763 /* [CP] Copy Pods Resources */ = {
			isa = PBXShellScriptBuildPhase;
			buildActionMask = 2147483647;
			files = (
			);
			inputPaths = (
			);
			name = "[CP] Copy Pods Resources";
			outputPaths = (
			);
			runOnlyForDeploymentPostprocessing = 0;
			shellPath = /bin/sh;
			shellScript = "\"${SRCROOT}/Pods/Target Support Files/Pods-StibLifts/Pods-StibLifts-resources.sh\"\n";
			showEnvVarsInLog = 0;
		};
/* End PBXShellScriptBuildPhase section */

/* Begin PBXSourcesBuildPhase section */
		C878F7891FA1CC72009031F9 /* Sources */ = {
			isa = PBXSourcesBuildPhase;
			buildActionMask = 2147483647;
			files = (
				C87A61D61FA1E6CE00B92863 /* AppUser.swift in Sources */,
				C878F7931FA1CC72009031F9 /* LogInViewController.swift in Sources */,
				C8E2F0DB1FAA19C000956C53 /* StationTableViewCell.swift in Sources */,
				C8E2F0D71FAA187500956C53 /* ListStationsViewController.swift in Sources */,
				C8D7D8F31FA8A319009475C7 /* MapViewControllerExtension.swift in Sources */,
				C80193EF1FA8E301005B580C /* Station.swift in Sources */,
				C8E2F0D91FAA188800956C53 /* ListStationsViewControllerExtension.swift in Sources */,
				C85CA6A01FA1F50D00B9A03D /* LogInViewControllerExtension.swift in Sources */,
				C878F7911FA1CC72009031F9 /* AppDelegate.swift in Sources */,
				C85CA6A41FA207F500B9A03D /* Location.swift in Sources */,
				C87A61D41FA1E60100B92863 /* FireBaseManager.swift in Sources */,
				C8D7D8F01FA8A1CC009475C7 /* MapViewController.swift in Sources */,
			);
			runOnlyForDeploymentPostprocessing = 0;
		};
/* End PBXSourcesBuildPhase section */

/* Begin PBXVariantGroup section */
		C878F7941FA1CC72009031F9 /* Main.storyboard */ = {
			isa = PBXVariantGroup;
			children = (
				C878F7951FA1CC72009031F9 /* Base */,
			);
			name = Main.storyboard;
			sourceTree = "<group>";
		};
		C878F7991FA1CC72009031F9 /* LaunchScreen.storyboard */ = {
			isa = PBXVariantGroup;
			children = (
				C878F79A1FA1CC72009031F9 /* Base */,
			);
			name = LaunchScreen.storyboard;
			sourceTree = "<group>";
		};
/* End PBXVariantGroup section */

/* Begin XCBuildConfiguration section */
		C878F79D1FA1CC72009031F9 /* Debug */ = {
			isa = XCBuildConfiguration;
			buildSettings = {
				ALWAYS_SEARCH_USER_PATHS = NO;
				CLANG_ANALYZER_NONNULL = YES;
				CLANG_ANALYZER_NUMBER_OBJECT_CONVERSION = YES_AGGRESSIVE;
				CLANG_CXX_LANGUAGE_STANDARD = "gnu++14";
				CLANG_CXX_LIBRARY = "libc++";
				CLANG_ENABLE_MODULES = YES;
				CLANG_ENABLE_OBJC_ARC = YES;
				CLANG_WARN_BLOCK_CAPTURE_AUTORELEASING = YES;
				CLANG_WARN_BOOL_CONVERSION = YES;
				CLANG_WARN_COMMA = YES;
				CLANG_WARN_CONSTANT_CONVERSION = YES;
				CLANG_WARN_DIRECT_OBJC_ISA_USAGE = YES_ERROR;
				CLANG_WARN_DOCUMENTATION_COMMENTS = YES;
				CLANG_WARN_EMPTY_BODY = YES;
				CLANG_WARN_ENUM_CONVERSION = YES;
				CLANG_WARN_INFINITE_RECURSION = YES;
				CLANG_WARN_INT_CONVERSION = YES;
				CLANG_WARN_NON_LITERAL_NULL_CONVERSION = YES;
				CLANG_WARN_OBJC_LITERAL_CONVERSION = YES;
				CLANG_WARN_OBJC_ROOT_CLASS = YES_ERROR;
				CLANG_WARN_RANGE_LOOP_ANALYSIS = YES;
				CLANG_WARN_STRICT_PROTOTYPES = YES;
				CLANG_WARN_SUSPICIOUS_MOVE = YES;
				CLANG_WARN_UNGUARDED_AVAILABILITY = YES_AGGRESSIVE;
				CLANG_WARN_UNREACHABLE_CODE = YES;
				CLANG_WARN__DUPLICATE_METHOD_MATCH = YES;
				CODE_SIGN_IDENTITY = "iPhone Developer";
				COPY_PHASE_STRIP = NO;
				DEBUG_INFORMATION_FORMAT = dwarf;
				ENABLE_STRICT_OBJC_MSGSEND = YES;
				ENABLE_TESTABILITY = YES;
				GCC_C_LANGUAGE_STANDARD = gnu11;
				GCC_DYNAMIC_NO_PIC = NO;
				GCC_NO_COMMON_BLOCKS = YES;
				GCC_OPTIMIZATION_LEVEL = 0;
				GCC_PREPROCESSOR_DEFINITIONS = (
					"DEBUG=1",
					"$(inherited)",
				);
				GCC_WARN_64_TO_32_BIT_CONVERSION = YES;
				GCC_WARN_ABOUT_RETURN_TYPE = YES_ERROR;
				GCC_WARN_UNDECLARED_SELECTOR = YES;
				GCC_WARN_UNINITIALIZED_AUTOS = YES_AGGRESSIVE;
				GCC_WARN_UNUSED_FUNCTION = YES;
				GCC_WARN_UNUSED_VARIABLE = YES;
				IPHONEOS_DEPLOYMENT_TARGET = 11.0;
				MTL_ENABLE_DEBUG_INFO = YES;
				ONLY_ACTIVE_ARCH = YES;
				SDKROOT = iphoneos;
				SWIFT_ACTIVE_COMPILATION_CONDITIONS = DEBUG;
				SWIFT_OPTIMIZATION_LEVEL = "-Onone";
			};
			name = Debug;
		};
		C878F79E1FA1CC72009031F9 /* Release */ = {
			isa = XCBuildConfiguration;
			buildSettings = {
				ALWAYS_SEARCH_USER_PATHS = NO;
				CLANG_ANALYZER_NONNULL = YES;
				CLANG_ANALYZER_NUMBER_OBJECT_CONVERSION = YES_AGGRESSIVE;
				CLANG_CXX_LANGUAGE_STANDARD = "gnu++14";
				CLANG_CXX_LIBRARY = "libc++";
				CLANG_ENABLE_MODULES = YES;
				CLANG_ENABLE_OBJC_ARC = YES;
				CLANG_WARN_BLOCK_CAPTURE_AUTORELEASING = YES;
				CLANG_WARN_BOOL_CONVERSION = YES;
				CLANG_WARN_COMMA = YES;
				CLANG_WARN_CONSTANT_CONVERSION = YES;
				CLANG_WARN_DIRECT_OBJC_ISA_USAGE = YES_ERROR;
				CLANG_WARN_DOCUMENTATION_COMMENTS = YES;
				CLANG_WARN_EMPTY_BODY = YES;
				CLANG_WARN_ENUM_CONVERSION = YES;
				CLANG_WARN_INFINITE_RECURSION = YES;
				CLANG_WARN_INT_CONVERSION = YES;
				CLANG_WARN_NON_LITERAL_NULL_CONVERSION = YES;
				CLANG_WARN_OBJC_LITERAL_CONVERSION = YES;
				CLANG_WARN_OBJC_ROOT_CLASS = YES_ERROR;
				CLANG_WARN_RANGE_LOOP_ANALYSIS = YES;
				CLANG_WARN_STRICT_PROTOTYPES = YES;
				CLANG_WARN_SUSPICIOUS_MOVE = YES;
				CLANG_WARN_UNGUARDED_AVAILABILITY = YES_AGGRESSIVE;
				CLANG_WARN_UNREACHABLE_CODE = YES;
				CLANG_WARN__DUPLICATE_METHOD_MATCH = YES;
				CODE_SIGN_IDENTITY = "iPhone Developer";
				COPY_PHASE_STRIP = NO;
				DEBUG_INFORMATION_FORMAT = "dwarf-with-dsym";
				ENABLE_NS_ASSERTIONS = NO;
				ENABLE_STRICT_OBJC_MSGSEND = YES;
				GCC_C_LANGUAGE_STANDARD = gnu11;
				GCC_NO_COMMON_BLOCKS = YES;
				GCC_WARN_64_TO_32_BIT_CONVERSION = YES;
				GCC_WARN_ABOUT_RETURN_TYPE = YES_ERROR;
				GCC_WARN_UNDECLARED_SELECTOR = YES;
				GCC_WARN_UNINITIALIZED_AUTOS = YES_AGGRESSIVE;
				GCC_WARN_UNUSED_FUNCTION = YES;
				GCC_WARN_UNUSED_VARIABLE = YES;
				IPHONEOS_DEPLOYMENT_TARGET = 11.0;
				MTL_ENABLE_DEBUG_INFO = NO;
				SDKROOT = iphoneos;
				SWIFT_OPTIMIZATION_LEVEL = "-Owholemodule";
				VALIDATE_PRODUCT = YES;
			};
			name = Release;
		};
		C878F7A01FA1CC72009031F9 /* Debug */ = {
			isa = XCBuildConfiguration;
			baseConfigurationReference = B0BB8119A907B9C73923C655 /* Pods-StibLifts.debug.xcconfig */;
			buildSettings = {
				ASSETCATALOG_COMPILER_APPICON_NAME = AppIcon;
				CODE_SIGN_STYLE = Automatic;
				DEVELOPMENT_TEAM = M4MM84N22Q;
				INFOPLIST_FILE = StibLifts/Info.plist;
				LD_RUNPATH_SEARCH_PATHS = "$(inherited) @executable_path/Frameworks";
				PRODUCT_BUNDLE_IDENTIFIER = com.bt.StibLifts;
				PRODUCT_NAME = "$(TARGET_NAME)";
				SWIFT_VERSION = 4.0;
				TARGETED_DEVICE_FAMILY = "1,2";
			};
			name = Debug;
		};
		C878F7A11FA1CC72009031F9 /* Release */ = {
			isa = XCBuildConfiguration;
			baseConfigurationReference = 8CA84B7FDE82C48AEC3C3D7D /* Pods-StibLifts.release.xcconfig */;
			buildSettings = {
				ASSETCATALOG_COMPILER_APPICON_NAME = AppIcon;
				CODE_SIGN_STYLE = Automatic;
				DEVELOPMENT_TEAM = M4MM84N22Q;
				INFOPLIST_FILE = StibLifts/Info.plist;
				LD_RUNPATH_SEARCH_PATHS = "$(inherited) @executable_path/Frameworks";
				PRODUCT_BUNDLE_IDENTIFIER = com.bt.StibLifts;
				PRODUCT_NAME = "$(TARGET_NAME)";
				SWIFT_VERSION = 4.0;
				TARGETED_DEVICE_FAMILY = "1,2";
			};
			name = Release;
		};
/* End XCBuildConfiguration section */

/* Begin XCConfigurationList section */
		C878F7881FA1CC72009031F9 /* Build configuration list for PBXProject "StibLifts" */ = {
			isa = XCConfigurationList;
			buildConfigurations = (
				C878F79D1FA1CC72009031F9 /* Debug */,
				C878F79E1FA1CC72009031F9 /* Release */,
			);
			defaultConfigurationIsVisible = 0;
			defaultConfigurationName = Release;
		};
		C878F79F1FA1CC72009031F9 /* Build configuration list for PBXNativeTarget "StibLifts" */ = {
			isa = XCConfigurationList;
			buildConfigurations = (
				C878F7A01FA1CC72009031F9 /* Debug */,
				C878F7A11FA1CC72009031F9 /* Release */,
			);
			defaultConfigurationIsVisible = 0;
			defaultConfigurationName = Release;
		};
/* End XCConfigurationList section */
	};
	rootObject = C878F7851FA1CC72009031F9 /* Project object */;
}
